
Microsoft Visual Studio Solution File, Format Version 12.00
# Visual Studio Version 16
VisualStudioVersion = 16.0.30330.147
MinimumVisualStudioVersion = 10.0.40219.1
Project("{FAE04EC0-301F-11D3-BF4B-00C04F79EFBC}") = "BluePope.WinApp1", "BluePope.WinApp1\BluePope.WinApp1.csproj", "{846B0CAA-BAA8-4E66-8106-DCAED18A2147}"
EndProject
Project("{FAE04EC0-301F-11D3-BF4B-00C04F79EFBC}") = "BluePope.Lib", "BluePope.Lib\BluePope.Lib.csproj", "{C7331C65-0481-4A4F-9275-26E0F15EA927}"
EndProject
Global
	GlobalSection(SolutionConfigurationPlatforms) = preSolution
		Debug|Any CPU = Debug|Any CPU
		Release|Any CPU = Release|Any CPU
	EndGlobalSection
	GlobalSection(ProjectConfigurationPlatforms) = postSolution
		{846B0CAA-BAA8-4E66-8106-DCAED18A2147}.Debug|Any CPU.ActiveCfg = Debug|Any CPU
		{846B0CAA-BAA8-4E66-8106-DCAED18A2147}.Debug|Any CPU.Build.0 = Debug|Any CPU
		{846B0CAA-BAA8-4E66-8106-DCAED18A2147}.Release|Any CPU.ActiveCfg = Release|Any CPU
		{846B0CAA-BAA8-4E66-8106-DCAED18A2147}.Release|Any CPU.Build.0 = Release|Any CPU
		{C7331C65-0481-4A4F-9275-26E0F15EA927}.Debug|Any CPU.ActiveCfg = Debug|Any CPU
		{C7331C65-0481-4A4F-9275-26E0F15EA927}.Debug|Any CPU.Build.0 = Debug|Any CPU
		{C7331C65-0481-4A4F-9275-26E0F15EA927}.Release|Any CPU.ActiveCfg = Release|Any CPU
		{C7331C65-0481-4A4F-9275-26E0F15EA927}.Release|Any CPU.Build.0 = Release|Any CPU
	EndGlobalSection
	GlobalSection(SolutionProperties) = preSolution
		HideSolutionNode = FALSE
	EndGlobalSection
	GlobalSection(ExtensibilityGlobals) = postSolution
		SolutionGuid = {BAF14F31-3662-4B5E-A682-1C070EBAA805}
	EndGlobalSection
EndGlobal
